
Microsoft Visual Studio Solution File, Format Version 12.00
# Visual Studio Version 17
VisualStudioVersion = 17.4.33205.214
MinimumVisualStudioVersion = 10.0.40219.1
Project("{FAE04EC0-301F-11D3-BF4B-00C04F79EFBC}") = "3SemOblOpgave1", "3SemOblOpgave1\3SemOblOpgave1.csproj", "{CF0052E8-FDD0-4F76-95D0-17DF1D9B1267}"
EndProject
Project("{FAE04EC0-301F-11D3-BF4B-00C04F79EFBC}") = "3SemOblOpgave1Tests", "3SemOblOpgave1Tests\3SemOblOpgave1Tests.csproj", "{DE52A5F4-5772-4971-84E7-1E1576A3D075}"
EndProject
Global
	GlobalSection(SolutionConfigurationPlatforms) = preSolution
		Debug|Any CPU = Debug|Any CPU
		Release|Any CPU = Release|Any CPU
	EndGlobalSection
	GlobalSection(ProjectConfigurationPlatforms) = postSolution
		{CF0052E8-FDD0-4F76-95D0-17DF1D9B1267}.Debug|Any CPU.ActiveCfg = Debug|Any CPU
		{CF0052E8-FDD0-4F76-95D0-17DF1D9B1267}.Debug|Any CPU.Build.0 = Debug|Any CPU
		{CF0052E8-FDD0-4F76-95D0-17DF1D9B1267}.Release|Any CPU.ActiveCfg = Release|Any CPU
		{CF0052E8-FDD0-4F76-95D0-17DF1D9B1267}.Release|Any CPU.Build.0 = Release|Any CPU
		{DE52A5F4-5772-4971-84E7-1E1576A3D075}.Debug|Any CPU.ActiveCfg = Debug|Any CPU
		{DE52A5F4-5772-4971-84E7-1E1576A3D075}.Debug|Any CPU.Build.0 = Debug|Any CPU
		{DE52A5F4-5772-4971-84E7-1E1576A3D075}.Release|Any CPU.ActiveCfg = Release|Any CPU
		{DE52A5F4-5772-4971-84E7-1E1576A3D075}.Release|Any CPU.Build.0 = Release|Any CPU
	EndGlobalSection
	GlobalSection(SolutionProperties) = preSolution
		HideSolutionNode = FALSE
	EndGlobalSection
	GlobalSection(ExtensibilityGlobals) = postSolution
		SolutionGuid = {50BB1BD2-96FF-40AE-ACD2-174D7FD97B33}
	EndGlobalSection
EndGlobal
